
Microsoft Visual Studio Solution File, Format Version 12.00
# Visual Studio Version 17
VisualStudioVersion = 17.0.31903.59
MinimumVisualStudioVersion = 10.0.40219.1
Project("{2150E333-8FDC-42A3-9474-1A3956D46DE8}") = "src", "src", "{EB27F774-B863-4CA1-B587-105D5E2A07F5}"
EndProject
Project("{9A19103F-16F7-4668-BE54-9A1E7A4F7556}") = "CICDTemplate.Application", "src\CICDTemplate.Application\CICDTemplate.Application.csproj", "{FBF59B1F-657F-40F8-851D-D288E94AC815}"
EndProject
Project("{9A19103F-16F7-4668-BE54-9A1E7A4F7556}") = "CICDTemplate.Domain", "src\CICDTemplate.Domain\CICDTemplate.Domain.csproj", "{4295FF33-CFB5-4305-9955-DF27F123A394}"
EndProject
Project("{9A19103F-16F7-4668-BE54-9A1E7A4F7556}") = "CICDTemplate.Infrastructure", "src\CICDTemplate.Infrastructure\CICDTemplate.Infrastructure.csproj", "{C971D93C-3978-42D8-936F-CDCB3929BD99}"
EndProject
Project("{9A19103F-16F7-4668-BE54-9A1E7A4F7556}") = "CICDTemplate.Api", "src\CICDTemplate.Api\CICDTemplate.Api.csproj", "{2A0665CB-DE58-442D-B798-7C15944FC5AB}"
EndProject
Project("{2150E333-8FDC-42A3-9474-1A3956D46DE8}") = "Solution Items", "Solution Items", "{796063B8-27B0-49DD-81BD-2FCA571D79AF}"
	ProjectSection(SolutionItems) = preProject
		.editorconfig = .editorconfig
		.gitignore = .gitignore
		Directory.Build.props = Directory.Build.props
		README.md = README.md
	EndProjectSection
EndProject
Project("{2150E333-8FDC-42A3-9474-1A3956D46DE8}") = "tests", "tests", "{CC7F8277-1D84-435D-A4D8-D37040800983}"
EndProject
Project("{9A19103F-16F7-4668-BE54-9A1E7A4F7556}") = "CICDTemplate.Application.UnitTests", "tests\CICDTemplate.Application.UnitTests\CICDTemplate.Application.UnitTests.csproj", "{07CC239C-5003-486A-A13F-B6E7CA4B65C1}"
EndProject
Project("{9A19103F-16F7-4668-BE54-9A1E7A4F7556}") = "CICDTemplate.ArchitectureTests", "tests\CICDTemplate.ArchitectureTests\CICDTemplate.ArchitectureTests.csproj", "{C71C6424-C68D-4DED-AF2C-BCF5499ADCA8}"
EndProject
Project("{9A19103F-16F7-4668-BE54-9A1E7A4F7556}") = "CICDTemplate.AppHost", "src\CICDTemplate.appHost\CICDTemplate.AppHost.csproj", "{8637052A-CDF8-416E-B0CC-B9E58A22828E}"
EndProject
Project("{9A19103F-16F7-4668-BE54-9A1E7A4F7556}") = "CICDTemplate.ServiceDefaults", "src\CICDTemplate.ServiceDefaults\CICDTemplate.ServiceDefaults.csproj", "{94423F13-2601-4B00-A82D-9D502D7E2193}"
EndProject
Project("{9A19103F-16F7-4668-BE54-9A1E7A4F7556}") = "CICDTemplate.FunctionalTests", "tests\CICDTemplate.FunctionalTests\CICDTemplate.FunctionalTests.csproj", "{2A2CC063-9C75-4A34-80F4-7A78C258FC6A}"
EndProject
Project("{9A19103F-16F7-4668-BE54-9A1E7A4F7556}") = "CICDTemplate.AspireTests", "tests\CICDTemplate.AspireTests\CICDTemplate.AspireTests.csproj", "{DA25A150-CFFB-41F1-BA80-4FDC771FBAD0}"
EndProject
Global
	GlobalSection(SolutionConfigurationPlatforms) = preSolution
		Debug|Any CPU = Debug|Any CPU
		Release|Any CPU = Release|Any CPU
	EndGlobalSection
	GlobalSection(ProjectConfigurationPlatforms) = postSolution
		{FBF59B1F-657F-40F8-851D-D288E94AC815}.Debug|Any CPU.ActiveCfg = Debug|Any CPU
		{FBF59B1F-657F-40F8-851D-D288E94AC815}.Debug|Any CPU.Build.0 = Debug|Any CPU
		{FBF59B1F-657F-40F8-851D-D288E94AC815}.Release|Any CPU.ActiveCfg = Release|Any CPU
		{FBF59B1F-657F-40F8-851D-D288E94AC815}.Release|Any CPU.Build.0 = Release|Any CPU
		{4295FF33-CFB5-4305-9955-DF27F123A394}.Debug|Any CPU.ActiveCfg = Debug|Any CPU
		{4295FF33-CFB5-4305-9955-DF27F123A394}.Debug|Any CPU.Build.0 = Debug|Any CPU
		{4295FF33-CFB5-4305-9955-DF27F123A394}.Release|Any CPU.ActiveCfg = Release|Any CPU
		{4295FF33-CFB5-4305-9955-DF27F123A394}.Release|Any CPU.Build.0 = Release|Any CPU
		{C971D93C-3978-42D8-936F-CDCB3929BD99}.Debug|Any CPU.ActiveCfg = Debug|Any CPU
		{C971D93C-3978-42D8-936F-CDCB3929BD99}.Debug|Any CPU.Build.0 = Debug|Any CPU
		{C971D93C-3978-42D8-936F-CDCB3929BD99}.Release|Any CPU.ActiveCfg = Release|Any CPU
		{C971D93C-3978-42D8-936F-CDCB3929BD99}.Release|Any CPU.Build.0 = Release|Any CPU
		{2A0665CB-DE58-442D-B798-7C15944FC5AB}.Debug|Any CPU.ActiveCfg = Debug|Any CPU
		{2A0665CB-DE58-442D-B798-7C15944FC5AB}.Debug|Any CPU.Build.0 = Debug|Any CPU
		{2A0665CB-DE58-442D-B798-7C15944FC5AB}.Release|Any CPU.ActiveCfg = Release|Any CPU
		{2A0665CB-DE58-442D-B798-7C15944FC5AB}.Release|Any CPU.Build.0 = Release|Any CPU
		{07CC239C-5003-486A-A13F-B6E7CA4B65C1}.Debug|Any CPU.ActiveCfg = Debug|Any CPU
		{07CC239C-5003-486A-A13F-B6E7CA4B65C1}.Debug|Any CPU.Build.0 = Debug|Any CPU
		{07CC239C-5003-486A-A13F-B6E7CA4B65C1}.Release|Any CPU.ActiveCfg = Release|Any CPU
		{07CC239C-5003-486A-A13F-B6E7CA4B65C1}.Release|Any CPU.Build.0 = Release|Any CPU
		{C71C6424-C68D-4DED-AF2C-BCF5499ADCA8}.Debug|Any CPU.ActiveCfg = Debug|Any CPU
		{C71C6424-C68D-4DED-AF2C-BCF5499ADCA8}.Debug|Any CPU.Build.0 = Debug|Any CPU
		{C71C6424-C68D-4DED-AF2C-BCF5499ADCA8}.Release|Any CPU.ActiveCfg = Release|Any CPU
		{C71C6424-C68D-4DED-AF2C-BCF5499ADCA8}.Release|Any CPU.Build.0 = Release|Any CPU
		{8637052A-CDF8-416E-B0CC-B9E58A22828E}.Debug|Any CPU.ActiveCfg = Debug|Any CPU
		{8637052A-CDF8-416E-B0CC-B9E58A22828E}.Debug|Any CPU.Build.0 = Debug|Any CPU
		{8637052A-CDF8-416E-B0CC-B9E58A22828E}.Release|Any CPU.ActiveCfg = Release|Any CPU
		{8637052A-CDF8-416E-B0CC-B9E58A22828E}.Release|Any CPU.Build.0 = Release|Any CPU
		{94423F13-2601-4B00-A82D-9D502D7E2193}.Debug|Any CPU.ActiveCfg = Debug|Any CPU
		{94423F13-2601-4B00-A82D-9D502D7E2193}.Debug|Any CPU.Build.0 = Debug|Any CPU
		{94423F13-2601-4B00-A82D-9D502D7E2193}.Release|Any CPU.ActiveCfg = Release|Any CPU
		{94423F13-2601-4B00-A82D-9D502D7E2193}.Release|Any CPU.Build.0 = Release|Any CPU
		{2A2CC063-9C75-4A34-80F4-7A78C258FC6A}.Debug|Any CPU.ActiveCfg = Debug|Any CPU
		{2A2CC063-9C75-4A34-80F4-7A78C258FC6A}.Debug|Any CPU.Build.0 = Debug|Any CPU
		{2A2CC063-9C75-4A34-80F4-7A78C258FC6A}.Release|Any CPU.ActiveCfg = Release|Any CPU
		{2A2CC063-9C75-4A34-80F4-7A78C258FC6A}.Release|Any CPU.Build.0 = Release|Any CPU
		{DA25A150-CFFB-41F1-BA80-4FDC771FBAD0}.Debug|Any CPU.ActiveCfg = Debug|Any CPU
		{DA25A150-CFFB-41F1-BA80-4FDC771FBAD0}.Debug|Any CPU.Build.0 = Debug|Any CPU
		{DA25A150-CFFB-41F1-BA80-4FDC771FBAD0}.Release|Any CPU.ActiveCfg = Release|Any CPU
		{DA25A150-CFFB-41F1-BA80-4FDC771FBAD0}.Release|Any CPU.Build.0 = Release|Any CPU
	EndGlobalSection
	GlobalSection(SolutionProperties) = preSolution
		HideSolutionNode = FALSE
	EndGlobalSection
	GlobalSection(NestedProjects) = preSolution
		{FBF59B1F-657F-40F8-851D-D288E94AC815} = {EB27F774-B863-4CA1-B587-105D5E2A07F5}
		{4295FF33-CFB5-4305-9955-DF27F123A394} = {EB27F774-B863-4CA1-B587-105D5E2A07F5}
		{C971D93C-3978-42D8-936F-CDCB3929BD99} = {EB27F774-B863-4CA1-B587-105D5E2A07F5}
		{2A0665CB-DE58-442D-B798-7C15944FC5AB} = {EB27F774-B863-4CA1-B587-105D5E2A07F5}
		{07CC239C-5003-486A-A13F-B6E7CA4B65C1} = {CC7F8277-1D84-435D-A4D8-D37040800983}
		{C71C6424-C68D-4DED-AF2C-BCF5499ADCA8} = {CC7F8277-1D84-435D-A4D8-D37040800983}
		{8637052A-CDF8-416E-B0CC-B9E58A22828E} = {EB27F774-B863-4CA1-B587-105D5E2A07F5}
		{94423F13-2601-4B00-A82D-9D502D7E2193} = {EB27F774-B863-4CA1-B587-105D5E2A07F5}
		{2A2CC063-9C75-4A34-80F4-7A78C258FC6A} = {CC7F8277-1D84-435D-A4D8-D37040800983}
		{DA25A150-CFFB-41F1-BA80-4FDC771FBAD0} = {CC7F8277-1D84-435D-A4D8-D37040800983}
	EndGlobalSection
	GlobalSection(ExtensibilityGlobals) = postSolution
		SolutionGuid = {1FC75D2E-9B65-42CD-80A4-DA638189166B}
	EndGlobalSection
EndGlobal
